
Microsoft Visual Studio Solution File, Format Version 12.00
# Visual Studio Version 17
VisualStudioVersion = 17.6.33815.320
MinimumVisualStudioVersion = 10.0.40219.1
Project("{9A19103F-16F7-4668-BE54-9A1E7A4F7556}") = "First project", "First project\First project.csproj", "{88790450-47AA-4D00-B1FC-347D0E3C1873}"
EndProject
Project("{9A19103F-16F7-4668-BE54-9A1E7A4F7556}") = "First project Top Level Statement", "First project Top Level Statement\First project Top Level Statement.csproj", "{46B28480-A1F9-4802-BCDA-15E19E35336F}"
EndProject
Project("{2150E333-8FDC-42A3-9474-1A3956D46DE8}") = "C# 01", "C# 01", "{CB5FA684-44B3-4100-8BF6-E0008B91800E}"
EndProject
Project("{2150E333-8FDC-42A3-9474-1A3956D46DE8}") = "C# 02", "C# 02", "{11B06C3C-1C79-4CCB-BDE4-12E98FC18FC3}"
EndProject
Project("{9A19103F-16F7-4668-BE54-9A1E7A4F7556}") = "C# 02. Switch case", "C# 01. Switch case\C# 02. Switch case.csproj", "{1A15D4DF-58D5-4CE8-B40E-7B424B718651}"
EndProject
Project("{9A19103F-16F7-4668-BE54-9A1E7A4F7556}") = "C# 02. Variables", "C# 02. Variables\C# 02. Variables.csproj", "{223C66C2-0EF2-4467-8F34-29642CE6A497}"
EndProject
Project("{9A19103F-16F7-4668-BE54-9A1E7A4F7556}") = "C# 02. input output", "C# 02. input output\C# 02. input output.csproj", "{0D741EB3-9BDA-42BF-8CBF-62BDDA7FE76B}"
EndProject
Project("{9A19103F-16F7-4668-BE54-9A1E7A4F7556}") = "C# 02. TypeCasting", "C# 02. TypeCasting\C# 02. TypeCasting.csproj", "{2E6F4B87-14F3-4A81-BD53-0E882690C307}"
EndProject
Project("{9A19103F-16F7-4668-BE54-9A1E7A4F7556}") = "C# 02. Loops", "C# 02. Loops\C# 02. Loops.csproj", "{47049337-BEB6-43FD-836C-237F85BD205D}"
EndProject
Project("{9A19103F-16F7-4668-BE54-9A1E7A4F7556}") = "C# 02. Arrays", "C# 02. Arrays\C# 02. Arrays.csproj", "{4EB01B68-381A-40A8-A082-AC59E241FAAE}"
EndProject
Project("{2150E333-8FDC-42A3-9474-1A3956D46DE8}") = "C# 03", "C# 03", "{5EDC902C-5286-4AEA-BCBF-7FA920FE87EC}"
EndProject
Project("{9A19103F-16F7-4668-BE54-9A1E7A4F7556}") = "C# 03. Arrays range, indecies", "C# 03. Arrays range, indecies\C# 03. Arrays range, indecies.csproj", "{D4754903-59CC-4286-8115-4889D7E3FE1E}"
EndProject
Project("{9A19103F-16F7-4668-BE54-9A1E7A4F7556}") = "C# 03. stirngs", "C# 03. stirngs\C# 03. stirngs.csproj", "{D0E7FF7B-0257-4D89-870F-618F3EC05B6F}"
EndProject
Project("{9A19103F-16F7-4668-BE54-9A1E7A4F7556}") = "C# 03. StringBuilder", "C# 03. StringBuilder\C# 03. StringBuilder.csproj", "{CE8EFDC3-3D84-4A6F-801C-3A0509E29873}"
EndProject
Project("{9A19103F-16F7-4668-BE54-9A1E7A4F7556}") = "C# 03. Structs", "C# 03. Structs\C# 03. Structs.csproj", "{4BFEDD1C-F119-4135-9A7B-023EB3413495}"
EndProject
Project("{2150E333-8FDC-42A3-9474-1A3956D46DE8}") = "C# 04", "C# 04", "{7E63B6DB-C569-4AC7-9007-DDB2E0D76752}"
EndProject
Project("{9A19103F-16F7-4668-BE54-9A1E7A4F7556}") = "C# 04. Classes", "C# 04. Classes\C# 04. Classes.csproj", "{F76B03AD-D3B8-4503-918D-5046920F0EB3}"
EndProject
Project("{9A19103F-16F7-4668-BE54-9A1E7A4F7556}") = "C# 04. ref, out", "C# 04. ref, out\C# 04. ref, out.csproj", "{B1662D7F-223F-47DA-8FA4-3D31289C9AF1}"
EndProject
Project("{9A19103F-16F7-4668-BE54-9A1E7A4F7556}") = "C# 04. params", "C# 04. params\C# 04. params.csproj", "{58C2999F-E279-4F15-824D-E05276C187BF}"
EndProject
Project("{9A19103F-16F7-4668-BE54-9A1E7A4F7556}") = "С# 04. Encapsulation, properties", "С# 04. Encapsulation, properties\С# 04. Encapsulation, properties.csproj", "{5EC8C1CF-4AB1-4776-AB8A-6A975670DEB5}"
EndProject
Project("{9A19103F-16F7-4668-BE54-9A1E7A4F7556}") = "C# 04. Partial class example", "C# 04. Partial class example\C# 04. Partial class example.csproj", "{61DCCED3-881C-4B31-BD93-7BC2030AF916}"
EndProject
Project("{2150E333-8FDC-42A3-9474-1A3956D46DE8}") = "C# 05", "C# 05", "{BAC45158-084C-4B20-8758-E38B1B6C0A49}"
EndProject
Project("{9A19103F-16F7-4668-BE54-9A1E7A4F7556}") = "C# 05. null conditional, null coalesing", "C# 05. null conditional, null coalesing\C# 05. null conditional, null coalesing.csproj", "{EF585F04-A758-4C9F-B158-A8A3CFE2CB61}"
EndProject
Project("{9A19103F-16F7-4668-BE54-9A1E7A4F7556}") = "C# 05. Namespaces", "C# 05. Namespaces\C# 05. Namespaces.csproj", "{CB763EDD-8AAA-40F3-8BDC-440F5B21FDB4}"
EndProject
Project("{9A19103F-16F7-4668-BE54-9A1E7A4F7556}") = "C# 05. Deconstructing", "C# 05. Deconstructing\C# 05. Deconstructing.csproj", "{F39294D4-D387-4735-AFD9-92E8816ACD29}"
EndProject
Project("{2150E333-8FDC-42A3-9474-1A3956D46DE8}") = "C# 06", "C# 06", "{852DBC46-55E1-45AA-833F-85AC7434A6EB}"
EndProject
Project("{FAE04EC0-301F-11D3-BF4B-00C04F79EFBC}") = "C# 06. Operator overloading", "C# 06. Operator overloading\C# 06. Operator overloading.csproj", "{80374C78-897B-401A-BC46-4FB494EB058B}"
EndProject
Project("{FAE04EC0-301F-11D3-BF4B-00C04F79EFBC}") = "C# 06. Typecasting overloading", "C# 06. Typecasting overloading\C# 06. Typecasting overloading.csproj", "{A1089A01-12F4-4DAB-B1A0-A47E959B55F3}"
EndProject
Project("{FAE04EC0-301F-11D3-BF4B-00C04F79EFBC}") = "C# 06. Indexer", "C# 06. Indexer\C# 06. Indexer.csproj", "{A21EB0CB-A4E2-4459-B1AD-16310F41811A}"
EndProject
Global
	GlobalSection(SolutionConfigurationPlatforms) = preSolution
		Debug|Any CPU = Debug|Any CPU
		Release|Any CPU = Release|Any CPU
	EndGlobalSection
	GlobalSection(ProjectConfigurationPlatforms) = postSolution
		{88790450-47AA-4D00-B1FC-347D0E3C1873}.Debug|Any CPU.ActiveCfg = Debug|Any CPU
		{88790450-47AA-4D00-B1FC-347D0E3C1873}.Debug|Any CPU.Build.0 = Debug|Any CPU
		{88790450-47AA-4D00-B1FC-347D0E3C1873}.Release|Any CPU.ActiveCfg = Release|Any CPU
		{88790450-47AA-4D00-B1FC-347D0E3C1873}.Release|Any CPU.Build.0 = Release|Any CPU
		{46B28480-A1F9-4802-BCDA-15E19E35336F}.Debug|Any CPU.ActiveCfg = Debug|Any CPU
		{46B28480-A1F9-4802-BCDA-15E19E35336F}.Debug|Any CPU.Build.0 = Debug|Any CPU
		{46B28480-A1F9-4802-BCDA-15E19E35336F}.Release|Any CPU.ActiveCfg = Release|Any CPU
		{46B28480-A1F9-4802-BCDA-15E19E35336F}.Release|Any CPU.Build.0 = Release|Any CPU
		{1A15D4DF-58D5-4CE8-B40E-7B424B718651}.Debug|Any CPU.ActiveCfg = Debug|Any CPU
		{1A15D4DF-58D5-4CE8-B40E-7B424B718651}.Debug|Any CPU.Build.0 = Debug|Any CPU
		{1A15D4DF-58D5-4CE8-B40E-7B424B718651}.Release|Any CPU.ActiveCfg = Release|Any CPU
		{1A15D4DF-58D5-4CE8-B40E-7B424B718651}.Release|Any CPU.Build.0 = Release|Any CPU
		{223C66C2-0EF2-4467-8F34-29642CE6A497}.Debug|Any CPU.ActiveCfg = Debug|Any CPU
		{223C66C2-0EF2-4467-8F34-29642CE6A497}.Debug|Any CPU.Build.0 = Debug|Any CPU
		{223C66C2-0EF2-4467-8F34-29642CE6A497}.Release|Any CPU.ActiveCfg = Release|Any CPU
		{223C66C2-0EF2-4467-8F34-29642CE6A497}.Release|Any CPU.Build.0 = Release|Any CPU
		{0D741EB3-9BDA-42BF-8CBF-62BDDA7FE76B}.Debug|Any CPU.ActiveCfg = Debug|Any CPU
		{0D741EB3-9BDA-42BF-8CBF-62BDDA7FE76B}.Debug|Any CPU.Build.0 = Debug|Any CPU
		{0D741EB3-9BDA-42BF-8CBF-62BDDA7FE76B}.Release|Any CPU.ActiveCfg = Release|Any CPU
		{0D741EB3-9BDA-42BF-8CBF-62BDDA7FE76B}.Release|Any CPU.Build.0 = Release|Any CPU
		{2E6F4B87-14F3-4A81-BD53-0E882690C307}.Debug|Any CPU.ActiveCfg = Debug|Any CPU
		{2E6F4B87-14F3-4A81-BD53-0E882690C307}.Debug|Any CPU.Build.0 = Debug|Any CPU
		{2E6F4B87-14F3-4A81-BD53-0E882690C307}.Release|Any CPU.ActiveCfg = Release|Any CPU
		{2E6F4B87-14F3-4A81-BD53-0E882690C307}.Release|Any CPU.Build.0 = Release|Any CPU
		{47049337-BEB6-43FD-836C-237F85BD205D}.Debug|Any CPU.ActiveCfg = Debug|Any CPU
		{47049337-BEB6-43FD-836C-237F85BD205D}.Debug|Any CPU.Build.0 = Debug|Any CPU
		{47049337-BEB6-43FD-836C-237F85BD205D}.Release|Any CPU.ActiveCfg = Release|Any CPU
		{47049337-BEB6-43FD-836C-237F85BD205D}.Release|Any CPU.Build.0 = Release|Any CPU
		{4EB01B68-381A-40A8-A082-AC59E241FAAE}.Debug|Any CPU.ActiveCfg = Debug|Any CPU
		{4EB01B68-381A-40A8-A082-AC59E241FAAE}.Debug|Any CPU.Build.0 = Debug|Any CPU
		{4EB01B68-381A-40A8-A082-AC59E241FAAE}.Release|Any CPU.ActiveCfg = Release|Any CPU
		{4EB01B68-381A-40A8-A082-AC59E241FAAE}.Release|Any CPU.Build.0 = Release|Any CPU
		{D4754903-59CC-4286-8115-4889D7E3FE1E}.Debug|Any CPU.ActiveCfg = Debug|Any CPU
		{D4754903-59CC-4286-8115-4889D7E3FE1E}.Debug|Any CPU.Build.0 = Debug|Any CPU
		{D4754903-59CC-4286-8115-4889D7E3FE1E}.Release|Any CPU.ActiveCfg = Release|Any CPU
		{D4754903-59CC-4286-8115-4889D7E3FE1E}.Release|Any CPU.Build.0 = Release|Any CPU
		{D0E7FF7B-0257-4D89-870F-618F3EC05B6F}.Debug|Any CPU.ActiveCfg = Debug|Any CPU
		{D0E7FF7B-0257-4D89-870F-618F3EC05B6F}.Debug|Any CPU.Build.0 = Debug|Any CPU
		{D0E7FF7B-0257-4D89-870F-618F3EC05B6F}.Release|Any CPU.ActiveCfg = Release|Any CPU
		{D0E7FF7B-0257-4D89-870F-618F3EC05B6F}.Release|Any CPU.Build.0 = Release|Any CPU
		{CE8EFDC3-3D84-4A6F-801C-3A0509E29873}.Debug|Any CPU.ActiveCfg = Debug|Any CPU
		{CE8EFDC3-3D84-4A6F-801C-3A0509E29873}.Debug|Any CPU.Build.0 = Debug|Any CPU
		{CE8EFDC3-3D84-4A6F-801C-3A0509E29873}.Release|Any CPU.ActiveCfg = Release|Any CPU
		{CE8EFDC3-3D84-4A6F-801C-3A0509E29873}.Release|Any CPU.Build.0 = Release|Any CPU
		{4BFEDD1C-F119-4135-9A7B-023EB3413495}.Debug|Any CPU.ActiveCfg = Debug|Any CPU
		{4BFEDD1C-F119-4135-9A7B-023EB3413495}.Debug|Any CPU.Build.0 = Debug|Any CPU
		{4BFEDD1C-F119-4135-9A7B-023EB3413495}.Release|Any CPU.ActiveCfg = Release|Any CPU
		{4BFEDD1C-F119-4135-9A7B-023EB3413495}.Release|Any CPU.Build.0 = Release|Any CPU
		{F76B03AD-D3B8-4503-918D-5046920F0EB3}.Debug|Any CPU.ActiveCfg = Debug|Any CPU
		{F76B03AD-D3B8-4503-918D-5046920F0EB3}.Debug|Any CPU.Build.0 = Debug|Any CPU
		{F76B03AD-D3B8-4503-918D-5046920F0EB3}.Release|Any CPU.ActiveCfg = Release|Any CPU
		{F76B03AD-D3B8-4503-918D-5046920F0EB3}.Release|Any CPU.Build.0 = Release|Any CPU
		{B1662D7F-223F-47DA-8FA4-3D31289C9AF1}.Debug|Any CPU.ActiveCfg = Debug|Any CPU
		{B1662D7F-223F-47DA-8FA4-3D31289C9AF1}.Debug|Any CPU.Build.0 = Debug|Any CPU
		{B1662D7F-223F-47DA-8FA4-3D31289C9AF1}.Release|Any CPU.ActiveCfg = Release|Any CPU
		{B1662D7F-223F-47DA-8FA4-3D31289C9AF1}.Release|Any CPU.Build.0 = Release|Any CPU
		{58C2999F-E279-4F15-824D-E05276C187BF}.Debug|Any CPU.ActiveCfg = Debug|Any CPU
		{58C2999F-E279-4F15-824D-E05276C187BF}.Debug|Any CPU.Build.0 = Debug|Any CPU
		{58C2999F-E279-4F15-824D-E05276C187BF}.Release|Any CPU.ActiveCfg = Release|Any CPU
		{58C2999F-E279-4F15-824D-E05276C187BF}.Release|Any CPU.Build.0 = Release|Any CPU
		{5EC8C1CF-4AB1-4776-AB8A-6A975670DEB5}.Debug|Any CPU.ActiveCfg = Debug|Any CPU
		{5EC8C1CF-4AB1-4776-AB8A-6A975670DEB5}.Debug|Any CPU.Build.0 = Debug|Any CPU
		{5EC8C1CF-4AB1-4776-AB8A-6A975670DEB5}.Release|Any CPU.ActiveCfg = Release|Any CPU
		{5EC8C1CF-4AB1-4776-AB8A-6A975670DEB5}.Release|Any CPU.Build.0 = Release|Any CPU
		{61DCCED3-881C-4B31-BD93-7BC2030AF916}.Debug|Any CPU.ActiveCfg = Debug|Any CPU
		{61DCCED3-881C-4B31-BD93-7BC2030AF916}.Debug|Any CPU.Build.0 = Debug|Any CPU
		{61DCCED3-881C-4B31-BD93-7BC2030AF916}.Release|Any CPU.ActiveCfg = Release|Any CPU
		{61DCCED3-881C-4B31-BD93-7BC2030AF916}.Release|Any CPU.Build.0 = Release|Any CPU
		{EF585F04-A758-4C9F-B158-A8A3CFE2CB61}.Debug|Any CPU.ActiveCfg = Debug|Any CPU
		{EF585F04-A758-4C9F-B158-A8A3CFE2CB61}.Debug|Any CPU.Build.0 = Debug|Any CPU
		{EF585F04-A758-4C9F-B158-A8A3CFE2CB61}.Release|Any CPU.ActiveCfg = Release|Any CPU
		{EF585F04-A758-4C9F-B158-A8A3CFE2CB61}.Release|Any CPU.Build.0 = Release|Any CPU
		{CB763EDD-8AAA-40F3-8BDC-440F5B21FDB4}.Debug|Any CPU.ActiveCfg = Debug|Any CPU
		{CB763EDD-8AAA-40F3-8BDC-440F5B21FDB4}.Debug|Any CPU.Build.0 = Debug|Any CPU
		{CB763EDD-8AAA-40F3-8BDC-440F5B21FDB4}.Release|Any CPU.ActiveCfg = Release|Any CPU
		{CB763EDD-8AAA-40F3-8BDC-440F5B21FDB4}.Release|Any CPU.Build.0 = Release|Any CPU
		{F39294D4-D387-4735-AFD9-92E8816ACD29}.Debug|Any CPU.ActiveCfg = Debug|Any CPU
		{F39294D4-D387-4735-AFD9-92E8816ACD29}.Debug|Any CPU.Build.0 = Debug|Any CPU
		{F39294D4-D387-4735-AFD9-92E8816ACD29}.Release|Any CPU.ActiveCfg = Release|Any CPU
		{F39294D4-D387-4735-AFD9-92E8816ACD29}.Release|Any CPU.Build.0 = Release|Any CPU
		{80374C78-897B-401A-BC46-4FB494EB058B}.Debug|Any CPU.ActiveCfg = Debug|Any CPU
		{80374C78-897B-401A-BC46-4FB494EB058B}.Debug|Any CPU.Build.0 = Debug|Any CPU
		{80374C78-897B-401A-BC46-4FB494EB058B}.Release|Any CPU.ActiveCfg = Release|Any CPU
		{80374C78-897B-401A-BC46-4FB494EB058B}.Release|Any CPU.Build.0 = Release|Any CPU
		{A1089A01-12F4-4DAB-B1A0-A47E959B55F3}.Debug|Any CPU.ActiveCfg = Debug|Any CPU
		{A1089A01-12F4-4DAB-B1A0-A47E959B55F3}.Debug|Any CPU.Build.0 = Debug|Any CPU
		{A1089A01-12F4-4DAB-B1A0-A47E959B55F3}.Release|Any CPU.ActiveCfg = Release|Any CPU
		{A1089A01-12F4-4DAB-B1A0-A47E959B55F3}.Release|Any CPU.Build.0 = Release|Any CPU
		{A21EB0CB-A4E2-4459-B1AD-16310F41811A}.Debug|Any CPU.ActiveCfg = Debug|Any CPU
		{A21EB0CB-A4E2-4459-B1AD-16310F41811A}.Debug|Any CPU.Build.0 = Debug|Any CPU
		{A21EB0CB-A4E2-4459-B1AD-16310F41811A}.Release|Any CPU.ActiveCfg = Release|Any CPU
		{A21EB0CB-A4E2-4459-B1AD-16310F41811A}.Release|Any CPU.Build.0 = Release|Any CPU
	EndGlobalSection
	GlobalSection(SolutionProperties) = preSolution
		HideSolutionNode = FALSE
	EndGlobalSection
	GlobalSection(NestedProjects) = preSolution
		{88790450-47AA-4D00-B1FC-347D0E3C1873} = {CB5FA684-44B3-4100-8BF6-E0008B91800E}
		{46B28480-A1F9-4802-BCDA-15E19E35336F} = {CB5FA684-44B3-4100-8BF6-E0008B91800E}
		{1A15D4DF-58D5-4CE8-B40E-7B424B718651} = {11B06C3C-1C79-4CCB-BDE4-12E98FC18FC3}
		{223C66C2-0EF2-4467-8F34-29642CE6A497} = {11B06C3C-1C79-4CCB-BDE4-12E98FC18FC3}
		{0D741EB3-9BDA-42BF-8CBF-62BDDA7FE76B} = {11B06C3C-1C79-4CCB-BDE4-12E98FC18FC3}
		{2E6F4B87-14F3-4A81-BD53-0E882690C307} = {11B06C3C-1C79-4CCB-BDE4-12E98FC18FC3}
		{47049337-BEB6-43FD-836C-237F85BD205D} = {11B06C3C-1C79-4CCB-BDE4-12E98FC18FC3}
		{4EB01B68-381A-40A8-A082-AC59E241FAAE} = {11B06C3C-1C79-4CCB-BDE4-12E98FC18FC3}
		{D4754903-59CC-4286-8115-4889D7E3FE1E} = {5EDC902C-5286-4AEA-BCBF-7FA920FE87EC}
		{D0E7FF7B-0257-4D89-870F-618F3EC05B6F} = {5EDC902C-5286-4AEA-BCBF-7FA920FE87EC}
		{CE8EFDC3-3D84-4A6F-801C-3A0509E29873} = {5EDC902C-5286-4AEA-BCBF-7FA920FE87EC}
		{4BFEDD1C-F119-4135-9A7B-023EB3413495} = {5EDC902C-5286-4AEA-BCBF-7FA920FE87EC}
		{F76B03AD-D3B8-4503-918D-5046920F0EB3} = {7E63B6DB-C569-4AC7-9007-DDB2E0D76752}
		{B1662D7F-223F-47DA-8FA4-3D31289C9AF1} = {7E63B6DB-C569-4AC7-9007-DDB2E0D76752}
		{58C2999F-E279-4F15-824D-E05276C187BF} = {7E63B6DB-C569-4AC7-9007-DDB2E0D76752}
		{5EC8C1CF-4AB1-4776-AB8A-6A975670DEB5} = {7E63B6DB-C569-4AC7-9007-DDB2E0D76752}
		{61DCCED3-881C-4B31-BD93-7BC2030AF916} = {7E63B6DB-C569-4AC7-9007-DDB2E0D76752}
		{EF585F04-A758-4C9F-B158-A8A3CFE2CB61} = {BAC45158-084C-4B20-8758-E38B1B6C0A49}
		{CB763EDD-8AAA-40F3-8BDC-440F5B21FDB4} = {BAC45158-084C-4B20-8758-E38B1B6C0A49}
		{F39294D4-D387-4735-AFD9-92E8816ACD29} = {BAC45158-084C-4B20-8758-E38B1B6C0A49}
		{80374C78-897B-401A-BC46-4FB494EB058B} = {852DBC46-55E1-45AA-833F-85AC7434A6EB}
		{A1089A01-12F4-4DAB-B1A0-A47E959B55F3} = {852DBC46-55E1-45AA-833F-85AC7434A6EB}
		{A21EB0CB-A4E2-4459-B1AD-16310F41811A} = {852DBC46-55E1-45AA-833F-85AC7434A6EB}
	EndGlobalSection
	GlobalSection(ExtensibilityGlobals) = postSolution
		SolutionGuid = {90D8ED24-4E17-4C7B-9B16-171719ADE287}
	EndGlobalSection
EndGlobal
