
Microsoft Visual Studio Solution File, Format Version 12.00
# Visual Studio Version 17
VisualStudioVersion = 17.6.33815.320
MinimumVisualStudioVersion = 10.0.40219.1
Project("{9A19103F-16F7-4668-BE54-9A1E7A4F7556}") = "First project", "First project\First project.csproj", "{88790450-47AA-4D00-B1FC-347D0E3C1873}"
EndProject
Project("{9A19103F-16F7-4668-BE54-9A1E7A4F7556}") = "First project Top Level Statement", "First project Top Level Statement\First project Top Level Statement.csproj", "{46B28480-A1F9-4802-BCDA-15E19E35336F}"
EndProject
Project("{2150E333-8FDC-42A3-9474-1A3956D46DE8}") = "C# 01", "C# 01", "{CB5FA684-44B3-4100-8BF6-E0008B91800E}"
EndProject
Project("{2150E333-8FDC-42A3-9474-1A3956D46DE8}") = "C# 02", "C# 02", "{11B06C3C-1C79-4CCB-BDE4-12E98FC18FC3}"
EndProject
Project("{9A19103F-16F7-4668-BE54-9A1E7A4F7556}") = "C# 02. Switch case", "C# 01. Switch case\C# 02. Switch case.csproj", "{1A15D4DF-58D5-4CE8-B40E-7B424B718651}"
EndProject
Project("{9A19103F-16F7-4668-BE54-9A1E7A4F7556}") = "C# 02. Variables", "C# 02. Variables\C# 02. Variables.csproj", "{223C66C2-0EF2-4467-8F34-29642CE6A497}"
EndProject
Project("{9A19103F-16F7-4668-BE54-9A1E7A4F7556}") = "C# 02. input output", "C# 02. input output\C# 02. input output.csproj", "{0D741EB3-9BDA-42BF-8CBF-62BDDA7FE76B}"
EndProject
Project("{9A19103F-16F7-4668-BE54-9A1E7A4F7556}") = "C# 02. TypeCasting", "C# 02. TypeCasting\C# 02. TypeCasting.csproj", "{2E6F4B87-14F3-4A81-BD53-0E882690C307}"
EndProject
Project("{9A19103F-16F7-4668-BE54-9A1E7A4F7556}") = "C# 02. Loops", "C# 02. Loops\C# 02. Loops.csproj", "{47049337-BEB6-43FD-836C-237F85BD205D}"
EndProject
Project("{9A19103F-16F7-4668-BE54-9A1E7A4F7556}") = "C# 02. Arrays", "C# 02. Arrays\C# 02. Arrays.csproj", "{4EB01B68-381A-40A8-A082-AC59E241FAAE}"
EndProject
Project("{2150E333-8FDC-42A3-9474-1A3956D46DE8}") = "C# 03", "C# 03", "{5EDC902C-5286-4AEA-BCBF-7FA920FE87EC}"
EndProject
Project("{9A19103F-16F7-4668-BE54-9A1E7A4F7556}") = "C# 03. Arrays range, indecies", "C# 03. Arrays range, indecies\C# 03. Arrays range, indecies.csproj", "{D4754903-59CC-4286-8115-4889D7E3FE1E}"
EndProject
Project("{9A19103F-16F7-4668-BE54-9A1E7A4F7556}") = "C# 03. stirngs", "C# 03. stirngs\C# 03. stirngs.csproj", "{D0E7FF7B-0257-4D89-870F-618F3EC05B6F}"
EndProject
Project("{9A19103F-16F7-4668-BE54-9A1E7A4F7556}") = "C# 03. StringBuilder", "C# 03. StringBuilder\C# 03. StringBuilder.csproj", "{CE8EFDC3-3D84-4A6F-801C-3A0509E29873}"
EndProject
Project("{9A19103F-16F7-4668-BE54-9A1E7A4F7556}") = "C# 03. Structs", "C# 03. Structs\C# 03. Structs.csproj", "{4BFEDD1C-F119-4135-9A7B-023EB3413495}"
EndProject
Project("{2150E333-8FDC-42A3-9474-1A3956D46DE8}") = "C# 04", "C# 04", "{7E63B6DB-C569-4AC7-9007-DDB2E0D76752}"
EndProject
Project("{9A19103F-16F7-4668-BE54-9A1E7A4F7556}") = "C# 04. Classes", "C# 04. Classes\C# 04. Classes.csproj", "{F76B03AD-D3B8-4503-918D-5046920F0EB3}"
EndProject
Project("{9A19103F-16F7-4668-BE54-9A1E7A4F7556}") = "C# 04. ref, out", "C# 04. ref, out\C# 04. ref, out.csproj", "{B1662D7F-223F-47DA-8FA4-3D31289C9AF1}"
EndProject
Project("{9A19103F-16F7-4668-BE54-9A1E7A4F7556}") = "C# 04. params", "C# 04. params\C# 04. params.csproj", "{58C2999F-E279-4F15-824D-E05276C187BF}"
EndProject
Project("{9A19103F-16F7-4668-BE54-9A1E7A4F7556}") = "С# 04. Encapsulation, properties", "С# 04. Encapsulation, properties\С# 04. Encapsulation, properties.csproj", "{5EC8C1CF-4AB1-4776-AB8A-6A975670DEB5}"
EndProject
Project("{9A19103F-16F7-4668-BE54-9A1E7A4F7556}") = "C# 04. Partial class example", "C# 04. Partial class example\C# 04. Partial class example.csproj", "{61DCCED3-881C-4B31-BD93-7BC2030AF916}"
EndProject
Project("{2150E333-8FDC-42A3-9474-1A3956D46DE8}") = "C# 05", "C# 05", "{BAC45158-084C-4B20-8758-E38B1B6C0A49}"
EndProject
Project("{9A19103F-16F7-4668-BE54-9A1E7A4F7556}") = "C# 05. null conditional, null coalesing", "C# 05. null conditional, null coalesing\C# 05. null conditional, null coalesing.csproj", "{EF585F04-A758-4C9F-B158-A8A3CFE2CB61}"
EndProject
Project("{9A19103F-16F7-4668-BE54-9A1E7A4F7556}") = "C# 05. Namespaces", "C# 05. Namespaces\C# 05. Namespaces.csproj", "{CB763EDD-8AAA-40F3-8BDC-440F5B21FDB4}"
EndProject
Project("{9A19103F-16F7-4668-BE54-9A1E7A4F7556}") = "C# 05. Deconstructing", "C# 05. Deconstructing\C# 05. Deconstructing.csproj", "{F39294D4-D387-4735-AFD9-92E8816ACD29}"
EndProject
Project("{2150E333-8FDC-42A3-9474-1A3956D46DE8}") = "C# 06", "C# 06", "{852DBC46-55E1-45AA-833F-85AC7434A6EB}"
EndProject
Project("{9A19103F-16F7-4668-BE54-9A1E7A4F7556}") = "C# 06. Operator overloading", "C# 06. Operator overloading\C# 06. Operator overloading.csproj", "{80374C78-897B-401A-BC46-4FB494EB058B}"
EndProject
Project("{9A19103F-16F7-4668-BE54-9A1E7A4F7556}") = "C# 06. Typecasting overloading", "C# 06. Typecasting overloading\C# 06. Typecasting overloading.csproj", "{A1089A01-12F4-4DAB-B1A0-A47E959B55F3}"
EndProject
Project("{9A19103F-16F7-4668-BE54-9A1E7A4F7556}") = "C# 06. Indexer", "C# 06. Indexer\C# 06. Indexer.csproj", "{A21EB0CB-A4E2-4459-B1AD-16310F41811A}"
EndProject
Project("{2150E333-8FDC-42A3-9474-1A3956D46DE8}") = "C# 07", "C# 07", "{3A5ACF03-48B4-47DE-951F-CB1FE442D09C}"
EndProject
Project("{9A19103F-16F7-4668-BE54-9A1E7A4F7556}") = "C# 07. Inheritance", "C# 07. Inheritance\C# 07. Inheritance.csproj", "{8925B89C-0FB9-409B-B561-1F9C08D61004}"
EndProject
Project("{9A19103F-16F7-4668-BE54-9A1E7A4F7556}") = "C# 07. Polymorphism", "C# 07. Polymorphism\C# 07. Polymorphism.csproj", "{23CD1AD2-FDEF-4A70-9DC6-9F9108075421}"
EndProject
Project("{2150E333-8FDC-42A3-9474-1A3956D46DE8}") = "C# 08", "C# 08", "{2B40EEDD-75A6-45A2-90EE-1F696CE79654}"
EndProject
Project("{9A19103F-16F7-4668-BE54-9A1E7A4F7556}") = "C# 08. Abstract classes", "C# 08. Abstract classes\C# 08. Abstract classes.csproj", "{9CF600C9-5C4C-4E9D-AB72-6B71D6FB58E9}"
EndProject
Project("{9A19103F-16F7-4668-BE54-9A1E7A4F7556}") = "C# 08. Interfaces", "C# 08. Interfaces\C# 08. Interfaces.csproj", "{BB709746-0F5D-4C9A-B809-6DAEB97A52E5}"
EndProject
Project("{9A19103F-16F7-4668-BE54-9A1E7A4F7556}") = "C# 08. Interface example", "C# 08. Interface example\C# 08. Interface example.csproj", "{AC6AC268-149F-4E6A-87BD-39E50EBE9138}"
EndProject
Project("{9A19103F-16F7-4668-BE54-9A1E7A4F7556}") = "C# 08. Interface explicitly implementation", "C# 08. Interface explicitly implementation\C# 08. Interface explicitly implementation.csproj", "{63BC0879-689C-4CDC-9ED4-D16FBC825623}"
EndProject
Project("{2150E333-8FDC-42A3-9474-1A3956D46DE8}") = "C# 09", "C# 09", "{80050BC1-26D4-438C-9057-DB7C60741A5C}"
EndProject
Project("{9A19103F-16F7-4668-BE54-9A1E7A4F7556}") = "C# 09. Standard interfaces", "C# 09. Standard interfaces\C# 09. Standard interfaces.csproj", "{AFAEEFBA-9CBC-46EC-BC9A-076F673B8D88}"
EndProject
Project("{9A19103F-16F7-4668-BE54-9A1E7A4F7556}") = "C# 08. Delegates", "C# 08. Delegates\C# 08. Delegates.csproj", "{CD3E2B39-76E8-4911-8BF4-C93A0897CD2C}"
EndProject
Project("{2150E333-8FDC-42A3-9474-1A3956D46DE8}") = "C# 10", "C# 10", "{9315C071-3013-49BA-B80E-9C4D81DA9581}"
EndProject
Project("{FAE04EC0-301F-11D3-BF4B-00C04F79EFBC}") = "C# 10. Events", "C# 10. Events\C# 10. Events.csproj", "{FE4A5CD9-C928-456B-B937-5E27A133ED6F}"
EndProject
Project("{FAE04EC0-301F-11D3-BF4B-00C04F79EFBC}") = "C# 10. EventArgs", "C# 10. EventArgs\C# 10. EventArgs.csproj", "{A381B3CF-9C66-408F-842E-959B71BDECA4}"
EndProject
Project("{FAE04EC0-301F-11D3-BF4B-00C04F79EFBC}") = "C# 10. EventsAddRemove", "C# 10. EventsAddRemove\C# 10. EventsAddRemove.csproj", "{976AB956-B6CD-4B42-9BB1-5E3666EFFC0C}"
EndProject
Project("{FAE04EC0-301F-11D3-BF4B-00C04F79EFBC}") = "C# 10. Generics", "C# 10. Generics\C# 10. Generics.csproj", "{752C6EE2-BC55-4D67-B40F-C830B1C96930}"
EndProject
Global
	GlobalSection(SolutionConfigurationPlatforms) = preSolution
		Debug|Any CPU = Debug|Any CPU
		Release|Any CPU = Release|Any CPU
	EndGlobalSection
	GlobalSection(ProjectConfigurationPlatforms) = postSolution
		{88790450-47AA-4D00-B1FC-347D0E3C1873}.Debug|Any CPU.ActiveCfg = Debug|Any CPU
		{88790450-47AA-4D00-B1FC-347D0E3C1873}.Debug|Any CPU.Build.0 = Debug|Any CPU
		{88790450-47AA-4D00-B1FC-347D0E3C1873}.Release|Any CPU.ActiveCfg = Release|Any CPU
		{88790450-47AA-4D00-B1FC-347D0E3C1873}.Release|Any CPU.Build.0 = Release|Any CPU
		{46B28480-A1F9-4802-BCDA-15E19E35336F}.Debug|Any CPU.ActiveCfg = Debug|Any CPU
		{46B28480-A1F9-4802-BCDA-15E19E35336F}.Debug|Any CPU.Build.0 = Debug|Any CPU
		{46B28480-A1F9-4802-BCDA-15E19E35336F}.Release|Any CPU.ActiveCfg = Release|Any CPU
		{46B28480-A1F9-4802-BCDA-15E19E35336F}.Release|Any CPU.Build.0 = Release|Any CPU
		{1A15D4DF-58D5-4CE8-B40E-7B424B718651}.Debug|Any CPU.ActiveCfg = Debug|Any CPU
		{1A15D4DF-58D5-4CE8-B40E-7B424B718651}.Debug|Any CPU.Build.0 = Debug|Any CPU
		{1A15D4DF-58D5-4CE8-B40E-7B424B718651}.Release|Any CPU.ActiveCfg = Release|Any CPU
		{1A15D4DF-58D5-4CE8-B40E-7B424B718651}.Release|Any CPU.Build.0 = Release|Any CPU
		{223C66C2-0EF2-4467-8F34-29642CE6A497}.Debug|Any CPU.ActiveCfg = Debug|Any CPU
		{223C66C2-0EF2-4467-8F34-29642CE6A497}.Debug|Any CPU.Build.0 = Debug|Any CPU
		{223C66C2-0EF2-4467-8F34-29642CE6A497}.Release|Any CPU.ActiveCfg = Release|Any CPU
		{223C66C2-0EF2-4467-8F34-29642CE6A497}.Release|Any CPU.Build.0 = Release|Any CPU
		{0D741EB3-9BDA-42BF-8CBF-62BDDA7FE76B}.Debug|Any CPU.ActiveCfg = Debug|Any CPU
		{0D741EB3-9BDA-42BF-8CBF-62BDDA7FE76B}.Debug|Any CPU.Build.0 = Debug|Any CPU
		{0D741EB3-9BDA-42BF-8CBF-62BDDA7FE76B}.Release|Any CPU.ActiveCfg = Release|Any CPU
		{0D741EB3-9BDA-42BF-8CBF-62BDDA7FE76B}.Release|Any CPU.Build.0 = Release|Any CPU
		{2E6F4B87-14F3-4A81-BD53-0E882690C307}.Debug|Any CPU.ActiveCfg = Debug|Any CPU
		{2E6F4B87-14F3-4A81-BD53-0E882690C307}.Debug|Any CPU.Build.0 = Debug|Any CPU
		{2E6F4B87-14F3-4A81-BD53-0E882690C307}.Release|Any CPU.ActiveCfg = Release|Any CPU
		{2E6F4B87-14F3-4A81-BD53-0E882690C307}.Release|Any CPU.Build.0 = Release|Any CPU
		{47049337-BEB6-43FD-836C-237F85BD205D}.Debug|Any CPU.ActiveCfg = Debug|Any CPU
		{47049337-BEB6-43FD-836C-237F85BD205D}.Debug|Any CPU.Build.0 = Debug|Any CPU
		{47049337-BEB6-43FD-836C-237F85BD205D}.Release|Any CPU.ActiveCfg = Release|Any CPU
		{47049337-BEB6-43FD-836C-237F85BD205D}.Release|Any CPU.Build.0 = Release|Any CPU
		{4EB01B68-381A-40A8-A082-AC59E241FAAE}.Debug|Any CPU.ActiveCfg = Debug|Any CPU
		{4EB01B68-381A-40A8-A082-AC59E241FAAE}.Debug|Any CPU.Build.0 = Debug|Any CPU
		{4EB01B68-381A-40A8-A082-AC59E241FAAE}.Release|Any CPU.ActiveCfg = Release|Any CPU
		{4EB01B68-381A-40A8-A082-AC59E241FAAE}.Release|Any CPU.Build.0 = Release|Any CPU
		{D4754903-59CC-4286-8115-4889D7E3FE1E}.Debug|Any CPU.ActiveCfg = Debug|Any CPU
		{D4754903-59CC-4286-8115-4889D7E3FE1E}.Debug|Any CPU.Build.0 = Debug|Any CPU
		{D4754903-59CC-4286-8115-4889D7E3FE1E}.Release|Any CPU.ActiveCfg = Release|Any CPU
		{D4754903-59CC-4286-8115-4889D7E3FE1E}.Release|Any CPU.Build.0 = Release|Any CPU
		{D0E7FF7B-0257-4D89-870F-618F3EC05B6F}.Debug|Any CPU.ActiveCfg = Debug|Any CPU
		{D0E7FF7B-0257-4D89-870F-618F3EC05B6F}.Debug|Any CPU.Build.0 = Debug|Any CPU
		{D0E7FF7B-0257-4D89-870F-618F3EC05B6F}.Release|Any CPU.ActiveCfg = Release|Any CPU
		{D0E7FF7B-0257-4D89-870F-618F3EC05B6F}.Release|Any CPU.Build.0 = Release|Any CPU
		{CE8EFDC3-3D84-4A6F-801C-3A0509E29873}.Debug|Any CPU.ActiveCfg = Debug|Any CPU
		{CE8EFDC3-3D84-4A6F-801C-3A0509E29873}.Debug|Any CPU.Build.0 = Debug|Any CPU
		{CE8EFDC3-3D84-4A6F-801C-3A0509E29873}.Release|Any CPU.ActiveCfg = Release|Any CPU
		{CE8EFDC3-3D84-4A6F-801C-3A0509E29873}.Release|Any CPU.Build.0 = Release|Any CPU
		{4BFEDD1C-F119-4135-9A7B-023EB3413495}.Debug|Any CPU.ActiveCfg = Debug|Any CPU
		{4BFEDD1C-F119-4135-9A7B-023EB3413495}.Debug|Any CPU.Build.0 = Debug|Any CPU
		{4BFEDD1C-F119-4135-9A7B-023EB3413495}.Release|Any CPU.ActiveCfg = Release|Any CPU
		{4BFEDD1C-F119-4135-9A7B-023EB3413495}.Release|Any CPU.Build.0 = Release|Any CPU
		{F76B03AD-D3B8-4503-918D-5046920F0EB3}.Debug|Any CPU.ActiveCfg = Debug|Any CPU
		{F76B03AD-D3B8-4503-918D-5046920F0EB3}.Debug|Any CPU.Build.0 = Debug|Any CPU
		{F76B03AD-D3B8-4503-918D-5046920F0EB3}.Release|Any CPU.ActiveCfg = Release|Any CPU
		{F76B03AD-D3B8-4503-918D-5046920F0EB3}.Release|Any CPU.Build.0 = Release|Any CPU
		{B1662D7F-223F-47DA-8FA4-3D31289C9AF1}.Debug|Any CPU.ActiveCfg = Debug|Any CPU
		{B1662D7F-223F-47DA-8FA4-3D31289C9AF1}.Debug|Any CPU.Build.0 = Debug|Any CPU
		{B1662D7F-223F-47DA-8FA4-3D31289C9AF1}.Release|Any CPU.ActiveCfg = Release|Any CPU
		{B1662D7F-223F-47DA-8FA4-3D31289C9AF1}.Release|Any CPU.Build.0 = Release|Any CPU
		{58C2999F-E279-4F15-824D-E05276C187BF}.Debug|Any CPU.ActiveCfg = Debug|Any CPU
		{58C2999F-E279-4F15-824D-E05276C187BF}.Debug|Any CPU.Build.0 = Debug|Any CPU
		{58C2999F-E279-4F15-824D-E05276C187BF}.Release|Any CPU.ActiveCfg = Release|Any CPU
		{58C2999F-E279-4F15-824D-E05276C187BF}.Release|Any CPU.Build.0 = Release|Any CPU
		{5EC8C1CF-4AB1-4776-AB8A-6A975670DEB5}.Debug|Any CPU.ActiveCfg = Debug|Any CPU
		{5EC8C1CF-4AB1-4776-AB8A-6A975670DEB5}.Debug|Any CPU.Build.0 = Debug|Any CPU
		{5EC8C1CF-4AB1-4776-AB8A-6A975670DEB5}.Release|Any CPU.ActiveCfg = Release|Any CPU
		{5EC8C1CF-4AB1-4776-AB8A-6A975670DEB5}.Release|Any CPU.Build.0 = Release|Any CPU
		{61DCCED3-881C-4B31-BD93-7BC2030AF916}.Debug|Any CPU.ActiveCfg = Debug|Any CPU
		{61DCCED3-881C-4B31-BD93-7BC2030AF916}.Debug|Any CPU.Build.0 = Debug|Any CPU
		{61DCCED3-881C-4B31-BD93-7BC2030AF916}.Release|Any CPU.ActiveCfg = Release|Any CPU
		{61DCCED3-881C-4B31-BD93-7BC2030AF916}.Release|Any CPU.Build.0 = Release|Any CPU
		{EF585F04-A758-4C9F-B158-A8A3CFE2CB61}.Debug|Any CPU.ActiveCfg = Debug|Any CPU
		{EF585F04-A758-4C9F-B158-A8A3CFE2CB61}.Debug|Any CPU.Build.0 = Debug|Any CPU
		{EF585F04-A758-4C9F-B158-A8A3CFE2CB61}.Release|Any CPU.ActiveCfg = Release|Any CPU
		{EF585F04-A758-4C9F-B158-A8A3CFE2CB61}.Release|Any CPU.Build.0 = Release|Any CPU
		{CB763EDD-8AAA-40F3-8BDC-440F5B21FDB4}.Debug|Any CPU.ActiveCfg = Debug|Any CPU
		{CB763EDD-8AAA-40F3-8BDC-440F5B21FDB4}.Debug|Any CPU.Build.0 = Debug|Any CPU
		{CB763EDD-8AAA-40F3-8BDC-440F5B21FDB4}.Release|Any CPU.ActiveCfg = Release|Any CPU
		{CB763EDD-8AAA-40F3-8BDC-440F5B21FDB4}.Release|Any CPU.Build.0 = Release|Any CPU
		{F39294D4-D387-4735-AFD9-92E8816ACD29}.Debug|Any CPU.ActiveCfg = Debug|Any CPU
		{F39294D4-D387-4735-AFD9-92E8816ACD29}.Debug|Any CPU.Build.0 = Debug|Any CPU
		{F39294D4-D387-4735-AFD9-92E8816ACD29}.Release|Any CPU.ActiveCfg = Release|Any CPU
		{F39294D4-D387-4735-AFD9-92E8816ACD29}.Release|Any CPU.Build.0 = Release|Any CPU
		{80374C78-897B-401A-BC46-4FB494EB058B}.Debug|Any CPU.ActiveCfg = Debug|Any CPU
		{80374C78-897B-401A-BC46-4FB494EB058B}.Debug|Any CPU.Build.0 = Debug|Any CPU
		{80374C78-897B-401A-BC46-4FB494EB058B}.Release|Any CPU.ActiveCfg = Release|Any CPU
		{80374C78-897B-401A-BC46-4FB494EB058B}.Release|Any CPU.Build.0 = Release|Any CPU
		{A1089A01-12F4-4DAB-B1A0-A47E959B55F3}.Debug|Any CPU.ActiveCfg = Debug|Any CPU
		{A1089A01-12F4-4DAB-B1A0-A47E959B55F3}.Debug|Any CPU.Build.0 = Debug|Any CPU
		{A1089A01-12F4-4DAB-B1A0-A47E959B55F3}.Release|Any CPU.ActiveCfg = Release|Any CPU
		{A1089A01-12F4-4DAB-B1A0-A47E959B55F3}.Release|Any CPU.Build.0 = Release|Any CPU
		{A21EB0CB-A4E2-4459-B1AD-16310F41811A}.Debug|Any CPU.ActiveCfg = Debug|Any CPU
		{A21EB0CB-A4E2-4459-B1AD-16310F41811A}.Debug|Any CPU.Build.0 = Debug|Any CPU
		{A21EB0CB-A4E2-4459-B1AD-16310F41811A}.Release|Any CPU.ActiveCfg = Release|Any CPU
		{A21EB0CB-A4E2-4459-B1AD-16310F41811A}.Release|Any CPU.Build.0 = Release|Any CPU
		{8925B89C-0FB9-409B-B561-1F9C08D61004}.Debug|Any CPU.ActiveCfg = Debug|Any CPU
		{8925B89C-0FB9-409B-B561-1F9C08D61004}.Debug|Any CPU.Build.0 = Debug|Any CPU
		{8925B89C-0FB9-409B-B561-1F9C08D61004}.Release|Any CPU.ActiveCfg = Release|Any CPU
		{8925B89C-0FB9-409B-B561-1F9C08D61004}.Release|Any CPU.Build.0 = Release|Any CPU
		{23CD1AD2-FDEF-4A70-9DC6-9F9108075421}.Debug|Any CPU.ActiveCfg = Debug|Any CPU
		{23CD1AD2-FDEF-4A70-9DC6-9F9108075421}.Debug|Any CPU.Build.0 = Debug|Any CPU
		{23CD1AD2-FDEF-4A70-9DC6-9F9108075421}.Release|Any CPU.ActiveCfg = Release|Any CPU
		{23CD1AD2-FDEF-4A70-9DC6-9F9108075421}.Release|Any CPU.Build.0 = Release|Any CPU
		{9CF600C9-5C4C-4E9D-AB72-6B71D6FB58E9}.Debug|Any CPU.ActiveCfg = Debug|Any CPU
		{9CF600C9-5C4C-4E9D-AB72-6B71D6FB58E9}.Debug|Any CPU.Build.0 = Debug|Any CPU
		{9CF600C9-5C4C-4E9D-AB72-6B71D6FB58E9}.Release|Any CPU.ActiveCfg = Release|Any CPU
		{9CF600C9-5C4C-4E9D-AB72-6B71D6FB58E9}.Release|Any CPU.Build.0 = Release|Any CPU
		{BB709746-0F5D-4C9A-B809-6DAEB97A52E5}.Debug|Any CPU.ActiveCfg = Debug|Any CPU
		{BB709746-0F5D-4C9A-B809-6DAEB97A52E5}.Debug|Any CPU.Build.0 = Debug|Any CPU
		{BB709746-0F5D-4C9A-B809-6DAEB97A52E5}.Release|Any CPU.ActiveCfg = Release|Any CPU
		{BB709746-0F5D-4C9A-B809-6DAEB97A52E5}.Release|Any CPU.Build.0 = Release|Any CPU
		{AC6AC268-149F-4E6A-87BD-39E50EBE9138}.Debug|Any CPU.ActiveCfg = Debug|Any CPU
		{AC6AC268-149F-4E6A-87BD-39E50EBE9138}.Debug|Any CPU.Build.0 = Debug|Any CPU
		{AC6AC268-149F-4E6A-87BD-39E50EBE9138}.Release|Any CPU.ActiveCfg = Release|Any CPU
		{AC6AC268-149F-4E6A-87BD-39E50EBE9138}.Release|Any CPU.Build.0 = Release|Any CPU
		{63BC0879-689C-4CDC-9ED4-D16FBC825623}.Debug|Any CPU.ActiveCfg = Debug|Any CPU
		{63BC0879-689C-4CDC-9ED4-D16FBC825623}.Debug|Any CPU.Build.0 = Debug|Any CPU
		{63BC0879-689C-4CDC-9ED4-D16FBC825623}.Release|Any CPU.ActiveCfg = Release|Any CPU
		{63BC0879-689C-4CDC-9ED4-D16FBC825623}.Release|Any CPU.Build.0 = Release|Any CPU
		{AFAEEFBA-9CBC-46EC-BC9A-076F673B8D88}.Debug|Any CPU.ActiveCfg = Debug|Any CPU
		{AFAEEFBA-9CBC-46EC-BC9A-076F673B8D88}.Debug|Any CPU.Build.0 = Debug|Any CPU
		{AFAEEFBA-9CBC-46EC-BC9A-076F673B8D88}.Release|Any CPU.ActiveCfg = Release|Any CPU
		{AFAEEFBA-9CBC-46EC-BC9A-076F673B8D88}.Release|Any CPU.Build.0 = Release|Any CPU
		{CD3E2B39-76E8-4911-8BF4-C93A0897CD2C}.Debug|Any CPU.ActiveCfg = Debug|Any CPU
		{CD3E2B39-76E8-4911-8BF4-C93A0897CD2C}.Debug|Any CPU.Build.0 = Debug|Any CPU
		{CD3E2B39-76E8-4911-8BF4-C93A0897CD2C}.Release|Any CPU.ActiveCfg = Release|Any CPU
		{CD3E2B39-76E8-4911-8BF4-C93A0897CD2C}.Release|Any CPU.Build.0 = Release|Any CPU
		{FE4A5CD9-C928-456B-B937-5E27A133ED6F}.Debug|Any CPU.ActiveCfg = Debug|Any CPU
		{FE4A5CD9-C928-456B-B937-5E27A133ED6F}.Debug|Any CPU.Build.0 = Debug|Any CPU
		{FE4A5CD9-C928-456B-B937-5E27A133ED6F}.Release|Any CPU.ActiveCfg = Release|Any CPU
		{FE4A5CD9-C928-456B-B937-5E27A133ED6F}.Release|Any CPU.Build.0 = Release|Any CPU
		{A381B3CF-9C66-408F-842E-959B71BDECA4}.Debug|Any CPU.ActiveCfg = Debug|Any CPU
		{A381B3CF-9C66-408F-842E-959B71BDECA4}.Debug|Any CPU.Build.0 = Debug|Any CPU
		{A381B3CF-9C66-408F-842E-959B71BDECA4}.Release|Any CPU.ActiveCfg = Release|Any CPU
		{A381B3CF-9C66-408F-842E-959B71BDECA4}.Release|Any CPU.Build.0 = Release|Any CPU
		{976AB956-B6CD-4B42-9BB1-5E3666EFFC0C}.Debug|Any CPU.ActiveCfg = Debug|Any CPU
		{976AB956-B6CD-4B42-9BB1-5E3666EFFC0C}.Debug|Any CPU.Build.0 = Debug|Any CPU
		{976AB956-B6CD-4B42-9BB1-5E3666EFFC0C}.Release|Any CPU.ActiveCfg = Release|Any CPU
		{976AB956-B6CD-4B42-9BB1-5E3666EFFC0C}.Release|Any CPU.Build.0 = Release|Any CPU
		{752C6EE2-BC55-4D67-B40F-C830B1C96930}.Debug|Any CPU.ActiveCfg = Debug|Any CPU
		{752C6EE2-BC55-4D67-B40F-C830B1C96930}.Debug|Any CPU.Build.0 = Debug|Any CPU
		{752C6EE2-BC55-4D67-B40F-C830B1C96930}.Release|Any CPU.ActiveCfg = Release|Any CPU
		{752C6EE2-BC55-4D67-B40F-C830B1C96930}.Release|Any CPU.Build.0 = Release|Any CPU
	EndGlobalSection
	GlobalSection(SolutionProperties) = preSolution
		HideSolutionNode = FALSE
	EndGlobalSection
	GlobalSection(NestedProjects) = preSolution
		{88790450-47AA-4D00-B1FC-347D0E3C1873} = {CB5FA684-44B3-4100-8BF6-E0008B91800E}
		{46B28480-A1F9-4802-BCDA-15E19E35336F} = {CB5FA684-44B3-4100-8BF6-E0008B91800E}
		{1A15D4DF-58D5-4CE8-B40E-7B424B718651} = {11B06C3C-1C79-4CCB-BDE4-12E98FC18FC3}
		{223C66C2-0EF2-4467-8F34-29642CE6A497} = {11B06C3C-1C79-4CCB-BDE4-12E98FC18FC3}
		{0D741EB3-9BDA-42BF-8CBF-62BDDA7FE76B} = {11B06C3C-1C79-4CCB-BDE4-12E98FC18FC3}
		{2E6F4B87-14F3-4A81-BD53-0E882690C307} = {11B06C3C-1C79-4CCB-BDE4-12E98FC18FC3}
		{47049337-BEB6-43FD-836C-237F85BD205D} = {11B06C3C-1C79-4CCB-BDE4-12E98FC18FC3}
		{4EB01B68-381A-40A8-A082-AC59E241FAAE} = {11B06C3C-1C79-4CCB-BDE4-12E98FC18FC3}
		{D4754903-59CC-4286-8115-4889D7E3FE1E} = {5EDC902C-5286-4AEA-BCBF-7FA920FE87EC}
		{D0E7FF7B-0257-4D89-870F-618F3EC05B6F} = {5EDC902C-5286-4AEA-BCBF-7FA920FE87EC}
		{CE8EFDC3-3D84-4A6F-801C-3A0509E29873} = {5EDC902C-5286-4AEA-BCBF-7FA920FE87EC}
		{4BFEDD1C-F119-4135-9A7B-023EB3413495} = {5EDC902C-5286-4AEA-BCBF-7FA920FE87EC}
		{F76B03AD-D3B8-4503-918D-5046920F0EB3} = {7E63B6DB-C569-4AC7-9007-DDB2E0D76752}
		{B1662D7F-223F-47DA-8FA4-3D31289C9AF1} = {7E63B6DB-C569-4AC7-9007-DDB2E0D76752}
		{58C2999F-E279-4F15-824D-E05276C187BF} = {7E63B6DB-C569-4AC7-9007-DDB2E0D76752}
		{5EC8C1CF-4AB1-4776-AB8A-6A975670DEB5} = {7E63B6DB-C569-4AC7-9007-DDB2E0D76752}
		{61DCCED3-881C-4B31-BD93-7BC2030AF916} = {7E63B6DB-C569-4AC7-9007-DDB2E0D76752}
		{EF585F04-A758-4C9F-B158-A8A3CFE2CB61} = {BAC45158-084C-4B20-8758-E38B1B6C0A49}
		{CB763EDD-8AAA-40F3-8BDC-440F5B21FDB4} = {BAC45158-084C-4B20-8758-E38B1B6C0A49}
		{F39294D4-D387-4735-AFD9-92E8816ACD29} = {BAC45158-084C-4B20-8758-E38B1B6C0A49}
		{80374C78-897B-401A-BC46-4FB494EB058B} = {852DBC46-55E1-45AA-833F-85AC7434A6EB}
		{A1089A01-12F4-4DAB-B1A0-A47E959B55F3} = {852DBC46-55E1-45AA-833F-85AC7434A6EB}
		{A21EB0CB-A4E2-4459-B1AD-16310F41811A} = {852DBC46-55E1-45AA-833F-85AC7434A6EB}
		{8925B89C-0FB9-409B-B561-1F9C08D61004} = {3A5ACF03-48B4-47DE-951F-CB1FE442D09C}
		{23CD1AD2-FDEF-4A70-9DC6-9F9108075421} = {3A5ACF03-48B4-47DE-951F-CB1FE442D09C}
		{9CF600C9-5C4C-4E9D-AB72-6B71D6FB58E9} = {2B40EEDD-75A6-45A2-90EE-1F696CE79654}
		{BB709746-0F5D-4C9A-B809-6DAEB97A52E5} = {2B40EEDD-75A6-45A2-90EE-1F696CE79654}
		{AC6AC268-149F-4E6A-87BD-39E50EBE9138} = {2B40EEDD-75A6-45A2-90EE-1F696CE79654}
		{63BC0879-689C-4CDC-9ED4-D16FBC825623} = {2B40EEDD-75A6-45A2-90EE-1F696CE79654}
		{AFAEEFBA-9CBC-46EC-BC9A-076F673B8D88} = {80050BC1-26D4-438C-9057-DB7C60741A5C}
		{CD3E2B39-76E8-4911-8BF4-C93A0897CD2C} = {80050BC1-26D4-438C-9057-DB7C60741A5C}
		{FE4A5CD9-C928-456B-B937-5E27A133ED6F} = {9315C071-3013-49BA-B80E-9C4D81DA9581}
		{A381B3CF-9C66-408F-842E-959B71BDECA4} = {9315C071-3013-49BA-B80E-9C4D81DA9581}
		{976AB956-B6CD-4B42-9BB1-5E3666EFFC0C} = {9315C071-3013-49BA-B80E-9C4D81DA9581}
		{752C6EE2-BC55-4D67-B40F-C830B1C96930} = {9315C071-3013-49BA-B80E-9C4D81DA9581}
	EndGlobalSection
	GlobalSection(ExtensibilityGlobals) = postSolution
		SolutionGuid = {90D8ED24-4E17-4C7B-9B16-171719ADE287}
	EndGlobalSection
EndGlobal
